// !$*UTF8*$!
{
	archiveVersion = 1;
	classes = {
	};
	objectVersion = 46;
	objects = {

/* Begin PBXBuildFile section */
		8481428D1D30EF99005C5F24 /* movieCellCollectionViewCell.swift in Sources */ = {isa = PBXBuildFile; fileRef = 8481428C1D30EF99005C5F24 /* movieCellCollectionViewCell.swift */; };
		848BB92B1D2DFBE20096242D /* DetailsViewController.swift in Sources */ = {isa = PBXBuildFile; fileRef = 848BB92A1D2DFBE20096242D /* DetailsViewController.swift */; };
		84BA65371D2CB5750055A983 /* AppDelegate.swift in Sources */ = {isa = PBXBuildFile; fileRef = 84BA65361D2CB5750055A983 /* AppDelegate.swift */; };
		84BA653C1D2CB5750055A983 /* Main.storyboard in Resources */ = {isa = PBXBuildFile; fileRef = 84BA653A1D2CB5750055A983 /* Main.storyboard */; };
		84BA653F1D2CB5750055A983 /* movieApp.xcdatamodeld in Sources */ = {isa = PBXBuildFile; fileRef = 84BA653D1D2CB5750055A983 /* movieApp.xcdatamodeld */; };
		84BA65411D2CB5750055A983 /* Assets.xcassets in Resources */ = {isa = PBXBuildFile; fileRef = 84BA65401D2CB5750055A983 /* Assets.xcassets */; };
		84BA65441D2CB5750055A983 /* LaunchScreen.storyboard in Resources */ = {isa = PBXBuildFile; fileRef = 84BA65421D2CB5750055A983 /* LaunchScreen.storyboard */; };
		84BA654F1D2CB5750055A983 /* movieAppTests.swift in Sources */ = {isa = PBXBuildFile; fileRef = 84BA654E1D2CB5750055A983 /* movieAppTests.swift */; };
		84BA655A1D2CB5750055A983 /* movieAppUITests.swift in Sources */ = {isa = PBXBuildFile; fileRef = 84BA65591D2CB5750055A983 /* movieAppUITests.swift */; };
		84E724071D2F504C00E17959 /* movieViewController.swift in Sources */ = {isa = PBXBuildFile; fileRef = 84E724061D2F504C00E17959 /* movieViewController.swift */; };
		84E724091D2F509400E17959 /* movieTableViewCell.swift in Sources */ = {isa = PBXBuildFile; fileRef = 84E724081D2F509400E17959 /* movieTableViewCell.swift */; };
		BF617D4ADF1A050AD337470A /* Pods_movieApp.framework in Frameworks */ = {isa = PBXBuildFile; fileRef = 50A7747DF94729430BFB2642 /* Pods_movieApp.framework */; };
/* End PBXBuildFile section */

/* Begin PBXContainerItemProxy section */
		84BA654B1D2CB5750055A983 /* PBXContainerItemProxy */ = {
			isa = PBXContainerItemProxy;
			containerPortal = 84BA652B1D2CB5740055A983 /* Project object */;
			proxyType = 1;
			remoteGlobalIDString = 84BA65321D2CB5740055A983;
			remoteInfo = movieApp;
		};
		84BA65561D2CB5750055A983 /* PBXContainerItemProxy */ = {
			isa = PBXContainerItemProxy;
			containerPortal = 84BA652B1D2CB5740055A983 /* Project object */;
			proxyType = 1;
			remoteGlobalIDString = 84BA65321D2CB5740055A983;
			remoteInfo = movieApp;
		};
/* End PBXContainerItemProxy section */

/* Begin PBXFileReference section */
		50A7747DF94729430BFB2642 /* Pods_movieApp.framework */ = {isa = PBXFileReference; explicitFileType = wrapper.framework; includeInIndex = 0; path = Pods_movieApp.framework; sourceTree = BUILT_PRODUCTS_DIR; };
		5E6FE6132F76EE0649FE80D5 /* Pods-movieApp.debug.xcconfig */ = {isa = PBXFileReference; includeInIndex = 1; lastKnownFileType = text.xcconfig; name = "Pods-movieApp.debug.xcconfig"; path = "Pods/Target Support Files/Pods-movieApp/Pods-movieApp.debug.xcconfig"; sourceTree = "<group>"; };
		8481428C1D30EF99005C5F24 /* movieCellCollectionViewCell.swift */ = {isa = PBXFileReference; fileEncoding = 4; lastKnownFileType = sourcecode.swift; path = movieCellCollectionViewCell.swift; sourceTree = "<group>"; };
		848BB92A1D2DFBE20096242D /* DetailsViewController.swift */ = {isa = PBXFileReference; fileEncoding = 4; lastKnownFileType = sourcecode.swift; path = DetailsViewController.swift; sourceTree = "<group>"; };
		84BA65331D2CB5740055A983 /* movieApp.app */ = {isa = PBXFileReference; explicitFileType = wrapper.application; includeInIndex = 0; path = movieApp.app; sourceTree = BUILT_PRODUCTS_DIR; };
		84BA65361D2CB5750055A983 /* AppDelegate.swift */ = {isa = PBXFileReference; lastKnownFileType = sourcecode.swift; path = AppDelegate.swift; sourceTree = "<group>"; };
		84BA653B1D2CB5750055A983 /* Base */ = {isa = PBXFileReference; lastKnownFileType = file.storyboard; name = Base; path = Base.lproj/Main.storyboard; sourceTree = "<group>"; };
		84BA653E1D2CB5750055A983 /* movieApp.xcdatamodel */ = {isa = PBXFileReference; lastKnownFileType = wrapper.xcdatamodel; path = movieApp.xcdatamodel; sourceTree = "<group>"; };
		84BA65401D2CB5750055A983 /* Assets.xcassets */ = {isa = PBXFileReference; lastKnownFileType = folder.assetcatalog; path = Assets.xcassets; sourceTree = "<group>"; };
		84BA65431D2CB5750055A983 /* Base */ = {isa = PBXFileReference; lastKnownFileType = file.storyboard; name = Base; path = Base.lproj/LaunchScreen.storyboard; sourceTree = "<group>"; };
		84BA65451D2CB5750055A983 /* Info.plist */ = {isa = PBXFileReference; lastKnownFileType = text.plist.xml; path = Info.plist; sourceTree = "<group>"; };
		84BA654A1D2CB5750055A983 /* movieAppTests.xctest */ = {isa = PBXFileReference; explicitFileType = wrapper.cfbundle; includeInIndex = 0; path = movieAppTests.xctest; sourceTree = BUILT_PRODUCTS_DIR; };
		84BA654E1D2CB5750055A983 /* movieAppTests.swift */ = {isa = PBXFileReference; lastKnownFileType = sourcecode.swift; path = movieAppTests.swift; sourceTree = "<group>"; };
		84BA65501D2CB5750055A983 /* Info.plist */ = {isa = PBXFileReference; lastKnownFileType = text.plist.xml; path = Info.plist; sourceTree = "<group>"; };
		84BA65551D2CB5750055A983 /* movieAppUITests.xctest */ = {isa = PBXFileReference; explicitFileType = wrapper.cfbundle; includeInIndex = 0; path = movieAppUITests.xctest; sourceTree = BUILT_PRODUCTS_DIR; };
		84BA65591D2CB5750055A983 /* movieAppUITests.swift */ = {isa = PBXFileReference; lastKnownFileType = sourcecode.swift; path = movieAppUITests.swift; sourceTree = "<group>"; };
		84BA655B1D2CB5750055A983 /* Info.plist */ = {isa = PBXFileReference; lastKnownFileType = text.plist.xml; path = Info.plist; sourceTree = "<group>"; };
		84E724061D2F504C00E17959 /* movieViewController.swift */ = {isa = PBXFileReference; fileEncoding = 4; lastKnownFileType = sourcecode.swift; path = movieViewController.swift; sourceTree = "<group>"; };
		84E724081D2F509400E17959 /* movieTableViewCell.swift */ = {isa = PBXFileReference; fileEncoding = 4; lastKnownFileType = sourcecode.swift; path = movieTableViewCell.swift; sourceTree = "<group>"; };
		C2BF0B100A9BCF8C494BCAA4 /* Pods-movieApp.release.xcconfig */ = {isa = PBXFileReference; includeInIndex = 1; lastKnownFileType = text.xcconfig; name = "Pods-movieApp.release.xcconfig"; path = "Pods/Target Support Files/Pods-movieApp/Pods-movieApp.release.xcconfig"; sourceTree = "<group>"; };
/* End PBXFileReference section */

/* Begin PBXFrameworksBuildPhase section */
		84BA65301D2CB5740055A983 /* Frameworks */ = {
			isa = PBXFrameworksBuildPhase;
			buildActionMask = 2147483647;
			files = (
				BF617D4ADF1A050AD337470A /* Pods_movieApp.framework in Frameworks */,
			);
			runOnlyForDeploymentPostprocessing = 0;
		};
		84BA65471D2CB5750055A983 /* Frameworks */ = {
			isa = PBXFrameworksBuildPhase;
			buildActionMask = 2147483647;
			files = (
			);
			runOnlyForDeploymentPostprocessing = 0;
		};
		84BA65521D2CB5750055A983 /* Frameworks */ = {
			isa = PBXFrameworksBuildPhase;
			buildActionMask = 2147483647;
			files = (
			);
			runOnlyForDeploymentPostprocessing = 0;
		};
/* End PBXFrameworksBuildPhase section */

/* Begin PBXGroup section */
		41E9EA94DF9C96DE72B056EC /* Pods */ = {
			isa = PBXGroup;
			children = (
				5E6FE6132F76EE0649FE80D5 /* Pods-movieApp.debug.xcconfig */,
				C2BF0B100A9BCF8C494BCAA4 /* Pods-movieApp.release.xcconfig */,
			);
			name = Pods;
			sourceTree = "<group>";
		};
		84BA652A1D2CB5740055A983 = {
			isa = PBXGroup;
			children = (
				84BA65351D2CB5740055A983 /* movieApp */,
				84BA654D1D2CB5750055A983 /* movieAppTests */,
				84BA65581D2CB5750055A983 /* movieAppUITests */,
				84BA65341D2CB5740055A983 /* Products */,
				41E9EA94DF9C96DE72B056EC /* Pods */,
				A087BBEC16A48CE589E401F6 /* Frameworks */,
			);
			sourceTree = "<group>";
		};
		84BA65341D2CB5740055A983 /* Products */ = {
			isa = PBXGroup;
			children = (
				84BA65331D2CB5740055A983 /* movieApp.app */,
				84BA654A1D2CB5750055A983 /* movieAppTests.xctest */,
				84BA65551D2CB5750055A983 /* movieAppUITests.xctest */,
			);
			name = Products;
			sourceTree = "<group>";
		};
		84BA65351D2CB5740055A983 /* movieApp */ = {
			isa = PBXGroup;
			children = (
				84BA65361D2CB5750055A983 /* AppDelegate.swift */,
				84E724081D2F509400E17959 /* movieTableViewCell.swift */,
				84BA653A1D2CB5750055A983 /* Main.storyboard */,
				84BA65401D2CB5750055A983 /* Assets.xcassets */,
				84BA65421D2CB5750055A983 /* LaunchScreen.storyboard */,
				84BA65451D2CB5750055A983 /* Info.plist */,
				84BA653D1D2CB5750055A983 /* movieApp.xcdatamodeld */,
				848BB92A1D2DFBE20096242D /* DetailsViewController.swift */,
				84E724061D2F504C00E17959 /* movieViewController.swift */,
				8481428C1D30EF99005C5F24 /* movieCellCollectionViewCell.swift */,
			);
			path = movieApp;
			sourceTree = "<group>";
		};
		84BA654D1D2CB5750055A983 /* movieAppTests */ = {
			isa = PBXGroup;
			children = (
				84BA654E1D2CB5750055A983 /* movieAppTests.swift */,
				84BA65501D2CB5750055A983 /* Info.plist */,
			);
			path = movieAppTests;
			sourceTree = "<group>";
		};
		84BA65581D2CB5750055A983 /* movieAppUITests */ = {
			isa = PBXGroup;
			children = (
				84BA65591D2CB5750055A983 /* movieAppUITests.swift */,
				84BA655B1D2CB5750055A983 /* Info.plist */,
			);
			path = movieAppUITests;
			sourceTree = "<group>";
		};
		A087BBEC16A48CE589E401F6 /* Frameworks */ = {
			isa = PBXGroup;
			children = (
				50A7747DF94729430BFB2642 /* Pods_movieApp.framework */,
			);
			name = Frameworks;
			sourceTree = "<group>";
		};
/* End PBXGroup section */

/* Begin PBXNativeTarget section */
		84BA65321D2CB5740055A983 /* movieApp */ = {
			isa = PBXNativeTarget;
			buildConfigurationList = 84BA655E1D2CB5750055A983 /* Build configuration list for PBXNativeTarget "movieApp" */;
			buildPhases = (
				142621A621477007C2013BAF /* Check Pods Manifest.lock */,
				84BA652F1D2CB5740055A983 /* Sources */,
				84BA65301D2CB5740055A983 /* Frameworks */,
				84BA65311D2CB5740055A983 /* Resources */,
				67BA7D4FAE7DFB94EDD3B5F2 /* Embed Pods Frameworks */,
				142A75F4B334787ADD73890E /* Copy Pods Resources */,
			);
			buildRules = (
			);
			dependencies = (
			);
			name = movieApp;
			productName = movieApp;
			productReference = 84BA65331D2CB5740055A983 /* movieApp.app */;
			productType = "com.apple.product-type.application";
		};
		84BA65491D2CB5750055A983 /* movieAppTests */ = {
			isa = PBXNativeTarget;
			buildConfigurationList = 84BA65611D2CB5750055A983 /* Build configuration list for PBXNativeTarget "movieAppTests" */;
			buildPhases = (
				84BA65461D2CB5750055A983 /* Sources */,
				84BA65471D2CB5750055A983 /* Frameworks */,
				84BA65481D2CB5750055A983 /* Resources */,
			);
			buildRules = (
			);
			dependencies = (
				84BA654C1D2CB5750055A983 /* PBXTargetDependency */,
			);
			name = movieAppTests;
			productName = movieAppTests;
			productReference = 84BA654A1D2CB5750055A983 /* movieAppTests.xctest */;
			productType = "com.apple.product-type.bundle.unit-test";
		};
		84BA65541D2CB5750055A983 /* movieAppUITests */ = {
			isa = PBXNativeTarget;
			buildConfigurationList = 84BA65641D2CB5750055A983 /* Build configuration list for PBXNativeTarget "movieAppUITests" */;
			buildPhases = (
				84BA65511D2CB5750055A983 /* Sources */,
				84BA65521D2CB5750055A983 /* Frameworks */,
				84BA65531D2CB5750055A983 /* Resources */,
			);
			buildRules = (
			);
			dependencies = (
				84BA65571D2CB5750055A983 /* PBXTargetDependency */,
			);
			name = movieAppUITests;
			productName = movieAppUITests;
			productReference = 84BA65551D2CB5750055A983 /* movieAppUITests.xctest */;
			productType = "com.apple.product-type.bundle.ui-testing";
		};
/* End PBXNativeTarget section */

/* Begin PBXProject section */
		84BA652B1D2CB5740055A983 /* Project object */ = {
			isa = PBXProject;
			attributes = {
				LastSwiftUpdateCheck = 0730;
				LastUpgradeCheck = 0730;
				ORGANIZATIONNAME = NguyenBui;
				TargetAttributes = {
					84BA65321D2CB5740055A983 = {
						CreatedOnToolsVersion = 7.3;
					};
					84BA65491D2CB5750055A983 = {
						CreatedOnToolsVersion = 7.3;
						TestTargetID = 84BA65321D2CB5740055A983;
					};
					84BA65541D2CB5750055A983 = {
						CreatedOnToolsVersion = 7.3;
						TestTargetID = 84BA65321D2CB5740055A983;
					};
				};
			};
			buildConfigurationList = 84BA652E1D2CB5740055A983 /* Build configuration list for PBXProject "movieApp" */;
			compatibilityVersion = "Xcode 3.2";
			developmentRegion = English;
			hasScannedForEncodings = 0;
			knownRegions = (
				en,
				Base,
			);
			mainGroup = 84BA652A1D2CB5740055A983;
			productRefGroup = 84BA65341D2CB5740055A983 /* Products */;
			projectDirPath = "";
			projectRoot = "";
			targets = (
				84BA65321D2CB5740055A983 /* movieApp */,
				84BA65491D2CB5750055A983 /* movieAppTests */,
				84BA65541D2CB5750055A983 /* movieAppUITests */,
			);
		};
/* End PBXProject section */

/* Begin PBXResourcesBuildPhase section */
		84BA65311D2CB5740055A983 /* Resources */ = {
			isa = PBXResourcesBuildPhase;
			buildActionMask = 2147483647;
			files = (
				84BA65441D2CB5750055A983 /* LaunchScreen.storyboard in Resources */,
				84BA65411D2CB5750055A983 /* Assets.xcassets in Resources */,
				84BA653C1D2CB5750055A983 /* Main.storyboard in Resources */,
			);
			runOnlyForDeploymentPostprocessing = 0;
		};
		84BA65481D2CB5750055A983 /* Resources */ = {
			isa = PBXResourcesBuildPhase;
			buildActionMask = 2147483647;
			files = (
			);
			runOnlyForDeploymentPostprocessing = 0;
		};
		84BA65531D2CB5750055A983 /* Resources */ = {
			isa = PBXResourcesBuildPhase;
			buildActionMask = 2147483647;
			files = (
			);
			runOnlyForDeploymentPostprocessing = 0;
		};
/* End PBXResourcesBuildPhase section */

/* Begin PBXShellScriptBuildPhase section */
		142621A621477007C2013BAF /* Check Pods Manifest.lock */ = {
			isa = PBXShellScriptBuildPhase;
			buildActionMask = 2147483647;
			files = (
			);
			inputPaths = (
			);
			name = "Check Pods Manifest.lock";
			outputPaths = (
			);
			runOnlyForDeploymentPostprocessing = 0;
			shellPath = /bin/sh;
			shellScript = "diff \"${PODS_ROOT}/../Podfile.lock\" \"${PODS_ROOT}/Manifest.lock\" > /dev/null\nif [[ $? != 0 ]] ; then\n    cat << EOM\nerror: The sandbox is not in sync with the Podfile.lock. Run 'pod install' or update your CocoaPods installation.\nEOM\n    exit 1\nfi\n";
			showEnvVarsInLog = 0;
		};
		142A75F4B334787ADD73890E /* Copy Pods Resources */ = {
			isa = PBXShellScriptBuildPhase;
			buildActionMask = 2147483647;
			files = (
			);
			inputPaths = (
			);
			name = "Copy Pods Resources";
			outputPaths = (
			);
			runOnlyForDeploymentPostprocessing = 0;
			shellPath = /bin/sh;
			shellScript = "\"${SRCROOT}/Pods/Target Support Files/Pods-movieApp/Pods-movieApp-resources.sh\"\n";
			showEnvVarsInLog = 0;
		};
		67BA7D4FAE7DFB94EDD3B5F2 /* Embed Pods Frameworks */ = {
			isa = PBXShellScriptBuildPhase;
			buildActionMask = 2147483647;
			files = (
			);
			inputPaths = (
			);
			name = "Embed Pods Frameworks";
			outputPaths = (
			);
			runOnlyForDeploymentPostprocessing = 0;
			shellPath = /bin/sh;
			shellScript = "\"${SRCROOT}/Pods/Target Support Files/Pods-movieApp/Pods-movieApp-frameworks.sh\"\n";
			showEnvVarsInLog = 0;
		};
/* End PBXShellScriptBuildPhase section */

/* Begin PBXSourcesBuildPhase section */
		84BA652F1D2CB5740055A983 /* Sources */ = {
			isa = PBXSourcesBuildPhase;
			buildActionMask = 2147483647;
			files = (
				84BA65371D2CB5750055A983 /* AppDelegate.swift in Sources */,
				8481428D1D30EF99005C5F24 /* movieCellCollectionViewCell.swift in Sources */,
				84E724071D2F504C00E17959 /* movieViewController.swift in Sources */,
				84BA653F1D2CB5750055A983 /* movieApp.xcdatamodeld in Sources */,
				84E724091D2F509400E17959 /* movieTableViewCell.swift in Sources */,
				848BB92B1D2DFBE20096242D /* DetailsViewController.swift in Sources */,
			);
			runOnlyForDeploymentPostprocessing = 0;
		};
		84BA65461D2CB5750055A983 /* Sources */ = {
			isa = PBXSourcesBuildPhase;
			buildActionMask = 2147483647;
			files = (
				84BA654F1D2CB5750055A983 /* movieAppTests.swift in Sources */,
			);
			runOnlyForDeploymentPostprocessing = 0;
		};
		84BA65511D2CB5750055A983 /* Sources */ = {
			isa = PBXSourcesBuildPhase;
			buildActionMask = 2147483647;
			files = (
				84BA655A1D2CB5750055A983 /* movieAppUITests.swift in Sources */,
			);
			runOnlyForDeploymentPostprocessing = 0;
		};
/* End PBXSourcesBuildPhase section */

/* Begin PBXTargetDependency section */
		84BA654C1D2CB5750055A983 /* PBXTargetDependency */ = {
			isa = PBXTargetDependency;
			target = 84BA65321D2CB5740055A983 /* movieApp */;
			targetProxy = 84BA654B1D2CB5750055A983 /* PBXContainerItemProxy */;
		};
		84BA65571D2CB5750055A983 /* PBXTargetDependency */ = {
			isa = PBXTargetDependency;
			target = 84BA65321D2CB5740055A983 /* movieApp */;
			targetProxy = 84BA65561D2CB5750055A983 /* PBXContainerItemProxy */;
		};
/* End PBXTargetDependency section */

/* Begin PBXVariantGroup section */
		84BA653A1D2CB5750055A983 /* Main.storyboard */ = {
			isa = PBXVariantGroup;
			children = (
				84BA653B1D2CB5750055A983 /* Base */,
			);
			name = Main.storyboard;
			sourceTree = "<group>";
		};
		84BA65421D2CB5750055A983 /* LaunchScreen.storyboard */ = {
			isa = PBXVariantGroup;
			children = (
				84BA65431D2CB5750055A983 /* Base */,
			);
			name = LaunchScreen.storyboard;
			sourceTree = "<group>";
		};
/* End PBXVariantGroup section */

/* Begin XCBuildConfiguration section */
		84BA655C1D2CB5750055A983 /* Debug */ = {
			isa = XCBuildConfiguration;
			buildSettings = {
				ALWAYS_SEARCH_USER_PATHS = NO;
				CLANG_ANALYZER_NONNULL = YES;
				CLANG_CXX_LANGUAGE_STANDARD = "gnu++0x";
				CLANG_CXX_LIBRARY = "libc++";
				CLANG_ENABLE_MODULES = YES;
				CLANG_ENABLE_OBJC_ARC = YES;
				CLANG_WARN_BOOL_CONVERSION = YES;
				CLANG_WARN_CONSTANT_CONVERSION = YES;
				CLANG_WARN_DIRECT_OBJC_ISA_USAGE = YES_ERROR;
				CLANG_WARN_EMPTY_BODY = YES;
				CLANG_WARN_ENUM_CONVERSION = YES;
				CLANG_WARN_INT_CONVERSION = YES;
				CLANG_WARN_OBJC_ROOT_CLASS = YES_ERROR;
				CLANG_WARN_UNREACHABLE_CODE = YES;
				CLANG_WARN__DUPLICATE_METHOD_MATCH = YES;
				"CODE_SIGN_IDENTITY[sdk=iphoneos*]" = "iPhone Developer";
				COPY_PHASE_STRIP = NO;
				DEBUG_INFORMATION_FORMAT = dwarf;
				ENABLE_STRICT_OBJC_MSGSEND = YES;
				ENABLE_TESTABILITY = YES;
				GCC_C_LANGUAGE_STANDARD = gnu99;
				GCC_DYNAMIC_NO_PIC = NO;
				GCC_NO_COMMON_BLOCKS = YES;
				GCC_OPTIMIZATION_LEVEL = 0;
				GCC_PREPROCESSOR_DEFINITIONS = (
					"DEBUG=1",
					"$(inherited)",
				);
				GCC_WARN_64_TO_32_BIT_CONVERSION = YES;
				GCC_WARN_ABOUT_RETURN_TYPE = YES_ERROR;
				GCC_WARN_UNDECLARED_SELECTOR = YES;
				GCC_WARN_UNINITIALIZED_AUTOS = YES_AGGRESSIVE;
				GCC_WARN_UNUSED_FUNCTION = YES;
				GCC_WARN_UNUSED_VARIABLE = YES;
				IPHONEOS_DEPLOYMENT_TARGET = 9.3;
				MTL_ENABLE_DEBUG_INFO = YES;
				ONLY_ACTIVE_ARCH = YES;
				SDKROOT = iphoneos;
				SWIFT_OPTIMIZATION_LEVEL = "-Onone";
			};
			name = Debug;
		};
		84BA655D1D2CB5750055A983 /* Release */ = {
			isa = XCBuildConfiguration;
			buildSettings = {
				ALWAYS_SEARCH_USER_PATHS = NO;
				CLANG_ANALYZER_NONNULL = YES;
				CLANG_CXX_LANGUAGE_STANDARD = "gnu++0x";
				CLANG_CXX_LIBRARY = "libc++";
				CLANG_ENABLE_MODULES = YES;
				CLANG_ENABLE_OBJC_ARC = YES;
				CLANG_WARN_BOOL_CONVERSION = YES;
				CLANG_WARN_CONSTANT_CONVERSION = YES;
				CLANG_WARN_DIRECT_OBJC_ISA_USAGE = YES_ERROR;
				CLANG_WARN_EMPTY_BODY = YES;
				CLANG_WARN_ENUM_CONVERSION = YES;
				CLANG_WARN_INT_CONVERSION = YES;
				CLANG_WARN_OBJC_ROOT_CLASS = YES_ERROR;
				CLANG_WARN_UNREACHABLE_CODE = YES;
				CLANG_WARN__DUPLICATE_METHOD_MATCH = YES;
				"CODE_SIGN_IDENTITY[sdk=iphoneos*]" = "iPhone Developer";
				COPY_PHASE_STRIP = NO;
				DEBUG_INFORMATION_FORMAT = "dwarf-with-dsym";
				ENABLE_NS_ASSERTIONS = NO;
				ENABLE_STRICT_OBJC_MSGSEND = YES;
				GCC_C_LANGUAGE_STANDARD = gnu99;
				GCC_NO_COMMON_BLOCKS = YES;
				GCC_WARN_64_TO_32_BIT_CONVERSION = YES;
				GCC_WARN_ABOUT_RETURN_TYPE = YES_ERROR;
				GCC_WARN_UNDECLARED_SELECTOR = YES;
				GCC_WARN_UNINITIALIZED_AUTOS = YES_AGGRESSIVE;
				GCC_WARN_UNUSED_FUNCTION = YES;
				GCC_WARN_UNUSED_VARIABLE = YES;
				IPHONEOS_DEPLOYMENT_TARGET = 9.3;
				MTL_ENABLE_DEBUG_INFO = NO;
				SDKROOT = iphoneos;
				VALIDATE_PRODUCT = YES;
			};
			name = Release;
		};
		84BA655F1D2CB5750055A983 /* Debug */ = {
			isa = XCBuildConfiguration;
			baseConfigurationReference = 5E6FE6132F76EE0649FE80D5 /* Pods-movieApp.debug.xcconfig */;
			buildSettings = {
				ASSETCATALOG_COMPILER_APPICON_NAME = AppIcon;
				INFOPLIST_FILE = movieApp/Info.plist;
				LD_RUNPATH_SEARCH_PATHS = "$(inherited) @executable_path/Frameworks";
				PRODUCT_BUNDLE_IDENTIFIER = nguyenbui.com.movieApp;
				PRODUCT_NAME = "$(TARGET_NAME)";
			};
			name = Debug;
		};
		84BA65601D2CB5750055A983 /* Release */ = {
			isa = XCBuildConfiguration;
			baseConfigurationReference = C2BF0B100A9BCF8C494BCAA4 /* Pods-movieApp.release.xcconfig */;
			buildSettings = {
				ASSETCATALOG_COMPILER_APPICON_NAME = AppIcon;
				INFOPLIST_FILE = movieApp/Info.plist;
				LD_RUNPATH_SEARCH_PATHS = "$(inherited) @executable_path/Frameworks";
				PRODUCT_BUNDLE_IDENTIFIER = nguyenbui.com.movieApp;
				PRODUCT_NAME = "$(TARGET_NAME)";
			};
			name = Release;
		};
		84BA65621D2CB5750055A983 /* Debug */ = {
			isa = XCBuildConfiguration;
			buildSettings = {
				BUNDLE_LOADER = "$(TEST_HOST)";
				INFOPLIST_FILE = movieAppTests/Info.plist;
				LD_RUNPATH_SEARCH_PATHS = "$(inherited) @executable_path/Frameworks @loader_path/Frameworks";
				PRODUCT_BUNDLE_IDENTIFIER = nguyenbui.com.movieAppTests;
				PRODUCT_NAME = "$(TARGET_NAME)";
				TEST_HOST = "$(BUILT_PRODUCTS_DIR)/movieApp.app/movieApp";
			};
			name = Debug;
		};
		84BA65631D2CB5750055A983 /* Release */ = {
			isa = XCBuildConfiguration;
			buildSettings = {
				BUNDLE_LOADER = "$(TEST_HOST)";
				INFOPLIST_FILE = movieAppTests/Info.plist;
				LD_RUNPATH_SEARCH_PATHS = "$(inherited) @executable_path/Frameworks @loader_path/Frameworks";
				PRODUCT_BUNDLE_IDENTIFIER = nguyenbui.com.movieAppTests;
				PRODUCT_NAME = "$(TARGET_NAME)";
				TEST_HOST = "$(BUILT_PRODUCTS_DIR)/movieApp.app/movieApp";
			};
			name = Release;
		};
		84BA65651D2CB5750055A983 /* Debug */ = {
			isa = XCBuildConfiguration;
			buildSettings = {
				INFOPLIST_FILE = movieAppUITests/Info.plist;
				LD_RUNPATH_SEARCH_PATHS = "$(inherited) @executable_path/Frameworks @loader_path/Frameworks";
				PRODUCT_BUNDLE_IDENTIFIER = nguyenbui.com.movieAppUITests;
				PRODUCT_NAME = "$(TARGET_NAME)";
				TEST_TARGET_NAME = movieApp;
			};
			name = Debug;
		};
		84BA65661D2CB5750055A983 /* Release */ = {
			isa = XCBuildConfiguration;
			buildSettings = {
				INFOPLIST_FILE = movieAppUITests/Info.plist;
				LD_RUNPATH_SEARCH_PATHS = "$(inherited) @executable_path/Frameworks @loader_path/Frameworks";
				PRODUCT_BUNDLE_IDENTIFIER = nguyenbui.com.movieAppUITests;
				PRODUCT_NAME = "$(TARGET_NAME)";
				TEST_TARGET_NAME = movieApp;
			};
			name = Release;
		};
/* End XCBuildConfiguration section */

/* Begin XCConfigurationList section */
		84BA652E1D2CB5740055A983 /* Build configuration list for PBXProject "movieApp" */ = {
			isa = XCConfigurationList;
			buildConfigurations = (
				84BA655C1D2CB5750055A983 /* Debug */,
				84BA655D1D2CB5750055A983 /* Release */,
			);
			defaultConfigurationIsVisible = 0;
			defaultConfigurationName = Release;
		};
		84BA655E1D2CB5750055A983 /* Build configuration list for PBXNativeTarget "movieApp" */ = {
			isa = XCConfigurationList;
			buildConfigurations = (
				84BA655F1D2CB5750055A983 /* Debug */,
				84BA65601D2CB5750055A983 /* Release */,
			);
			defaultConfigurationIsVisible = 0;
			defaultConfigurationName = Release;
		};
		84BA65611D2CB5750055A983 /* Build configuration list for PBXNativeTarget "movieAppTests" */ = {
			isa = XCConfigurationList;
			buildConfigurations = (
				84BA65621D2CB5750055A983 /* Debug */,
				84BA65631D2CB5750055A983 /* Release */,
			);
			defaultConfigurationIsVisible = 0;
			defaultConfigurationName = Release;
		};
		84BA65641D2CB5750055A983 /* Build configuration list for PBXNativeTarget "movieAppUITests" */ = {
			isa = XCConfigurationList;
			buildConfigurations = (
				84BA65651D2CB5750055A983 /* Debug */,
				84BA65661D2CB5750055A983 /* Release */,
			);
			defaultConfigurationIsVisible = 0;
			defaultConfigurationName = Release;
		};
/* End XCConfigurationList section */

/* Begin XCVersionGroup section */
		84BA653D1D2CB5750055A983 /* movieApp.xcdatamodeld */ = {
			isa = XCVersionGroup;
			children = (
				84BA653E1D2CB5750055A983 /* movieApp.xcdatamodel */,
			);
			currentVersion = 84BA653E1D2CB5750055A983 /* movieApp.xcdatamodel */;
			path = movieApp.xcdatamodeld;
			sourceTree = "<group>";
			versionGroupType = wrapper.xcdatamodel;
		};
/* End XCVersionGroup section */
	};
	rootObject = 84BA652B1D2CB5740055A983 /* Project object */;
}
